
Microsoft Visual Studio Solution File, Format Version 12.00
Project("{FAE04EC0-301F-11D3-BF4B-00C04F79EFBC}") = "ORM_TestProj", "ORM_TestProj\ORM_TestProj.csproj", "{8E7EB672-A74B-42BD-8BFD-579D9CCEDCEA}"
EndProject
Global
	GlobalSection(SolutionConfigurationPlatforms) = preSolution
		Debug|Any CPU = Debug|Any CPU
		Release|Any CPU = Release|Any CPU
	EndGlobalSection
	GlobalSection(ProjectConfigurationPlatforms) = postSolution
		{8E7EB672-A74B-42BD-8BFD-579D9CCEDCEA}.Debug|Any CPU.ActiveCfg = Debug|Any CPU
		{8E7EB672-A74B-42BD-8BFD-579D9CCEDCEA}.Debug|Any CPU.Build.0 = Debug|Any CPU
		{8E7EB672-A74B-42BD-8BFD-579D9CCEDCEA}.Release|Any CPU.ActiveCfg = Release|Any CPU
		{8E7EB672-A74B-42BD-8BFD-579D9CCEDCEA}.Release|Any CPU.Build.0 = Release|Any CPU
	EndGlobalSection
EndGlobal
